schema: '2.0'
stages:
  prepare_data:
    cmd: PYTHONPATH=. python db_lite/create_db.py && PYTHONPATH=. python 
      db_lite/data_base.py
    deps:
    - path: db_lite/create_db.py
      hash: md5
      md5: d6dc870e21698c3a34b4b2dea1540eb9
      size: 1620
    - path: db_lite/data_base.py
      hash: md5
      md5: 20bea78abc35b72285f1277319a9ebee
      size: 5877
    outs:
    - path: db_lite/meu_banco_de_dados.db
      hash: md5
      md5: 5b9b040db34cb4649aa5a2a425d24a36
      size: 761856
  train:
    cmd: PYTHONPATH=. python src/models/train.py
    deps:
    - path: db_lite/meu_banco_de_dados.db
      hash: md5
      md5: 5b9b040db34cb4649aa5a2a425d24a36
      size: 761856
    - path: src/models/train.py
      hash: md5
      md5: 3dd41f3c1556242cecc99c89d7633150
      size: 4250
    outs:
    - path: src/models/features_modelo.json
      hash: md5
      md5: e526006e9a0c4286b7f584dde0e6a3ba
      size: 1724
    - path: src/models/modelo_glosa.skops
      hash: md5
      md5: 8b221f0da9ef394180359fac30727009
      size: 1929842
  inference:
    cmd: PYTHONPATH=. python src/models/insert_db_model.py
    deps:
    - path: db_lite/meu_banco_de_dados.db
      hash: md5
      md5: 5b9b040db34cb4649aa5a2a425d24a36
      size: 761856
    - path: src/models/features_modelo.json
      hash: md5
      md5: e526006e9a0c4286b7f584dde0e6a3ba
      size: 1724
    - path: src/models/insert_db_model.py
      hash: md5
      md5: 79072f6dac92a41ac945268bf9826b42
      size: 2253
    - path: src/models/modelo_glosa.skops
      hash: md5
      md5: 8b221f0da9ef394180359fac30727009
      size: 1929842
    outs:
    - path: db_lite/meu_banco_de_dados_model.db
      hash: md5
      md5: ff4c9d6a9faf00227cf5cdb3caad32f7
      size: 36864
  drift:
    cmd: PYTHONPATH=. python src/monitoring/drift_detection.py
    deps:
    - path: db_lite/meu_banco_de_dados.db
      hash: md5
      md5: 5b9b040db34cb4649aa5a2a425d24a36
      size: 761856
    - path: db_lite/meu_banco_de_dados_model.db
      hash: md5
      md5: ff4c9d6a9faf00227cf5cdb3caad32f7
      size: 36864
    - path: src/monitoring/drift_detection.py
      hash: md5
      md5: 494ea04b14186baa7de22cdcc1ec7818
      size: 3185
    outs:
    - path: reports/drift_report.html
      hash: md5
      md5: 35fd24d9c1cd18910bb3b678be58c248
      size: 3733561
